// !$*UTF8*$!
{
	archiveVersion = 1;
	classes = {
	};
	objectVersion = 46;
	objects = {

/* Begin PBXBuildFile section */
		E43CEAC31DAE337000FEBC2F /* main.m in Sources */ = {isa = PBXBuildFile; fileRef = E43CEAC21DAE337000FEBC2F /* main.m */; };
		E43CEAC61DAE337000FEBC2F /* AppDelegate.m in Sources */ = {isa = PBXBuildFile; fileRef = E43CEAC51DAE337000FEBC2F /* AppDelegate.m */; };
		E43CEAC91DAE337000FEBC2F /* ViewController.m in Sources */ = {isa = PBXBuildFile; fileRef = E43CEAC81DAE337000FEBC2F /* ViewController.m */; };
		E43CEACC1DAE337000FEBC2F /* Main.storyboard in Resources */ = {isa = PBXBuildFile; fileRef = E43CEACA1DAE337000FEBC2F /* Main.storyboard */; };
		E43CEACE1DAE337000FEBC2F /* Assets.xcassets in Resources */ = {isa = PBXBuildFile; fileRef = E43CEACD1DAE337000FEBC2F /* Assets.xcassets */; };
		E43CEAD11DAE337000FEBC2F /* LaunchScreen.storyboard in Resources */ = {isa = PBXBuildFile; fileRef = E43CEACF1DAE337000FEBC2F /* LaunchScreen.storyboard */; };
		E4B35F551DB5F0900018759B /* water.wav in Resources */ = {isa = PBXBuildFile; fileRef = E4B35F541DB5F0900018759B /* water.wav */; };
/* End PBXBuildFile section */

/* Begin PBXFileReference section */
		E43CEABE1DAE337000FEBC2F /* PushNotification.app */ = {isa = PBXFileReference; explicitFileType = wrapper.application; includeInIndex = 0; path = PushNotification.app; sourceTree = BUILT_PRODUCTS_DIR; };
		E43CEAC21DAE337000FEBC2F /* main.m */ = {isa = PBXFileReference; lastKnownFileType = sourcecode.c.objc; path = main.m; sourceTree = "<group>"; };
		E43CEAC41DAE337000FEBC2F /* AppDelegate.h */ = {isa = PBXFileReference; lastKnownFileType = sourcecode.c.h; path = AppDelegate.h; sourceTree = "<group>"; };
		E43CEAC51DAE337000FEBC2F /* AppDelegate.m */ = {isa = PBXFileReference; lastKnownFileType = sourcecode.c.objc; path = AppDelegate.m; sourceTree = "<group>"; };
		E43CEAC71DAE337000FEBC2F /* ViewController.h */ = {isa = PBXFileReference; lastKnownFileType = sourcecode.c.h; path = ViewController.h; sourceTree = "<group>"; };
		E43CEAC81DAE337000FEBC2F /* ViewController.m */ = {isa = PBXFileReference; lastKnownFileType = sourcecode.c.objc; path = ViewController.m; sourceTree = "<group>"; };
		E43CEACB1DAE337000FEBC2F /* Base */ = {isa = PBXFileReference; lastKnownFileType = file.storyboard; name = Base; path = Base.lproj/Main.storyboard; sourceTree = "<group>"; };
		E43CEACD1DAE337000FEBC2F /* Assets.xcassets */ = {isa = PBXFileReference; lastKnownFileType = folder.assetcatalog; path = Assets.xcassets; sourceTree = "<group>"; };
		E43CEAD01DAE337000FEBC2F /* Base */ = {isa = PBXFileReference; lastKnownFileType = file.storyboard; name = Base; path = Base.lproj/LaunchScreen.storyboard; sourceTree = "<group>"; };
		E43CEAD21DAE337000FEBC2F /* Info.plist */ = {isa = PBXFileReference; lastKnownFileType = text.plist.xml; path = Info.plist; sourceTree = "<group>"; };
		E4B35F541DB5F0900018759B /* water.wav */ = {isa = PBXFileReference; lastKnownFileType = audio.wav; path = water.wav; sourceTree = "<group>"; };
/* End PBXFileReference section */

/* Begin PBXFrameworksBuildPhase section */
		E43CEABB1DAE337000FEBC2F /* Frameworks */ = {
			isa = PBXFrameworksBuildPhase;
			buildActionMask = 2147483647;
			files = (
			);
			runOnlyForDeploymentPostprocessing = 0;
		};
/* End PBXFrameworksBuildPhase section */

/* Begin PBXGroup section */
		E43CEAB51DAE337000FEBC2F = {
			isa = PBXGroup;
			children = (
				E43CEAC01DAE337000FEBC2F /* PushNotification */,
				E43CEABF1DAE337000FEBC2F /* Products */,
			);
			sourceTree = "<group>";
		};
		E43CEABF1DAE337000FEBC2F /* Products */ = {
			isa = PBXGroup;
			children = (
				E43CEABE1DAE337000FEBC2F /* PushNotification.app */,
			);
			name = Products;
			sourceTree = "<group>";
		};
		E43CEAC01DAE337000FEBC2F /* PushNotification */ = {
			isa = PBXGroup;
			children = (
				E43CEAC41DAE337000FEBC2F /* AppDelegate.h */,
				E43CEAC51DAE337000FEBC2F /* AppDelegate.m */,
				E43CEAC71DAE337000FEBC2F /* ViewController.h */,
				E43CEAC81DAE337000FEBC2F /* ViewController.m */,
				E43CEACA1DAE337000FEBC2F /* Main.storyboard */,
				E43CEACD1DAE337000FEBC2F /* Assets.xcassets */,
				E43CEACF1DAE337000FEBC2F /* LaunchScreen.storyboard */,
				E43CEAD21DAE337000FEBC2F /* Info.plist */,
				E43CEAC11DAE337000FEBC2F /* Supporting Files */,
			);
			path = PushNotification;
			sourceTree = "<group>";
		};
		E43CEAC11DAE337000FEBC2F /* Supporting Files */ = {
			isa = PBXGroup;
			children = (
				E4B35F541DB5F0900018759B /* water.wav */,
				E43CEAC21DAE337000FEBC2F /* main.m */,
			);
			name = "Supporting Files";
			sourceTree = "<group>";
		};
/* End PBXGroup section */

/* Begin PBXNativeTarget section */
		E43CEABD1DAE337000FEBC2F /* PushNotification */ = {
			isa = PBXNativeTarget;
			buildConfigurationList = E43CEAD51DAE337000FEBC2F /* Build configuration list for PBXNativeTarget "PushNotification" */;
			buildPhases = (
				E43CEABA1DAE337000FEBC2F /* Sources */,
				E43CEABB1DAE337000FEBC2F /* Frameworks */,
				E43CEABC1DAE337000FEBC2F /* Resources */,
			);
			buildRules = (
			);
			dependencies = (
			);
			name = PushNotification;
			productName = PushNotification;
			productReference = E43CEABE1DAE337000FEBC2F /* PushNotification.app */;
			productType = "com.apple.product-type.application";
		};
/* End PBXNativeTarget section */

/* Begin PBXProject section */
		E43CEAB61DAE337000FEBC2F /* Project object */ = {
			isa = PBXProject;
			attributes = {
				LastUpgradeCheck = 0800;
				ORGANIZATIONNAME = tashaxing;
				TargetAttributes = {
					E43CEABD1DAE337000FEBC2F = {
						CreatedOnToolsVersion = 8.0;
						DevelopmentTeam = GV7V6SW596;
						ProvisioningStyle = Automatic;
					};
				};
			};
			buildConfigurationList = E43CEAB91DAE337000FEBC2F /* Build configuration list for PBXProject "PushNotification" */;
			compatibilityVersion = "Xcode 3.2";
			developmentRegion = English;
			hasScannedForEncodings = 0;
			knownRegions = (
				en,
				Base,
			);
			mainGroup = E43CEAB51DAE337000FEBC2F;
			productRefGroup = E43CEABF1DAE337000FEBC2F /* Products */;
			projectDirPath = "";
			projectRoot = "";
			targets = (
				E43CEABD1DAE337000FEBC2F /* PushNotification */,
			);
		};
/* End PBXProject section */

/* Begin PBXResourcesBuildPhase section */
		E43CEABC1DAE337000FEBC2F /* Resources */ = {
			isa = PBXResourcesBuildPhase;
			buildActionMask = 2147483647;
			files = (
				E4B35F551DB5F0900018759B /* water.wav in Resources */,
				E43CEAD11DAE337000FEBC2F /* LaunchScreen.storyboard in Resources */,
				E43CEACE1DAE337000FEBC2F /* Assets.xcassets in Resources */,
				E43CEACC1DAE337000FEBC2F /* Main.storyboard in Resources */,
			);
			runOnlyForDeploymentPostprocessing = 0;
		};
/* End PBXResourcesBuildPhase section */

/* Begin PBXSourcesBuildPhase section */
		E43CEABA1DAE337000FEBC2F /* Sources */ = {
			isa = PBXSourcesBuildPhase;
			buildActionMask = 2147483647;
			files = (
				E43CEAC91DAE337000FEBC2F /* ViewController.m in Sources */,
				E43CEAC61DAE337000FEBC2F /* AppDelegate.m in Sources */,
				E43CEAC31DAE337000FEBC2F /* main.m in Sources */,
			);
			runOnlyForDeploymentPostprocessing = 0;
		};
/* End PBXSourcesBuildPhase section */

/* Begin PBXVariantGroup section */
		E43CEACA1DAE337000FEBC2F /* Main.storyboard */ = {
			isa = PBXVariantGroup;
			children = (
				E43CEACB1DAE337000FEBC2F /* Base */,
			);
			name = Main.storyboard;
			sourceTree = "<group>";
		};
		E43CEACF1DAE337000FEBC2F /* LaunchScreen.storyboard */ = {
			isa = PBXVariantGroup;
			children = (
				E43CEAD01DAE337000FEBC2F /* Base */,
			);
			name = LaunchScreen.storyboard;
			sourceTree = "<group>";
		};
/* End PBXVariantGroup section */

/* Begin XCBuildConfiguration section */
		E43CEAD31DAE337000FEBC2F /* Debug */ = {
			isa = XCBuildConfiguration;
			buildSettings = {
				ALWAYS_SEARCH_USER_PATHS = NO;
				CLANG_ANALYZER_NONNULL = YES;
				CLANG_CXX_LANGUAGE_STANDARD = "gnu++0x";
				CLANG_CXX_LIBRARY = "libc++";
				CLANG_ENABLE_MODULES = YES;
				CLANG_ENABLE_OBJC_ARC = YES;
				CLANG_WARN_BOOL_CONVERSION = YES;
				CLANG_WARN_CONSTANT_CONVERSION = YES;
				CLANG_WARN_DIRECT_OBJC_ISA_USAGE = YES_ERROR;
				CLANG_WARN_DOCUMENTATION_COMMENTS = YES;
				CLANG_WARN_EMPTY_BODY = YES;
				CLANG_WARN_ENUM_CONVERSION = YES;
				CLANG_WARN_INFINITE_RECURSION = YES;
				CLANG_WARN_INT_CONVERSION = YES;
				CLANG_WARN_OBJC_ROOT_CLASS = YES_ERROR;
				CLANG_WARN_SUSPICIOUS_MOVES = YES;
				CLANG_WARN_UNREACHABLE_CODE = YES;
				CLANG_WARN__DUPLICATE_METHOD_MATCH = YES;
				"CODE_SIGN_IDENTITY[sdk=iphoneos*]" = "iPhone Developer";
				COPY_PHASE_STRIP = NO;
				DEBUG_INFORMATION_FORMAT = dwarf;
				ENABLE_STRICT_OBJC_MSGSEND = YES;
				ENABLE_TESTABILITY = YES;
				GCC_C_LANGUAGE_STANDARD = gnu99;
				GCC_DYNAMIC_NO_PIC = NO;
				GCC_NO_COMMON_BLOCKS = YES;
				GCC_OPTIMIZATION_LEVEL = 0;
				GCC_PREPROCESSOR_DEFINITIONS = (
					"DEBUG=1",
					"$(inherited)",
				);
				GCC_WARN_64_TO_32_BIT_CONVERSION = YES;
				GCC_WARN_ABOUT_RETURN_TYPE = YES_ERROR;
				GCC_WARN_UNDECLARED_SELECTOR = YES;
				GCC_WARN_UNINITIALIZED_AUTOS = YES_AGGRESSIVE;
				GCC_WARN_UNUSED_FUNCTION = YES;
				GCC_WARN_UNUSED_VARIABLE = YES;
				IPHONEOS_DEPLOYMENT_TARGET = 10.0;
				MTL_ENABLE_DEBUG_INFO = YES;
				ONLY_ACTIVE_ARCH = YES;
				SDKROOT = iphoneos;
				TARGETED_DEVICE_FAMILY = "1,2";
			};
			name = Debug;
		};
		E43CEAD41DAE337000FEBC2F /* Release */ = {
			isa = XCBuildConfiguration;
			buildSettings = {
				ALWAYS_SEARCH_USER_PATHS = NO;
				CLANG_ANALYZER_NONNULL = YES;
				CLANG_CXX_LANGUAGE_STANDARD = "gnu++0x";
				CLANG_CXX_LIBRARY = "libc++";
				CLANG_ENABLE_MODULES = YES;
				CLANG_ENABLE_OBJC_ARC = YES;
				CLANG_WARN_BOOL_CONVERSION = YES;
				CLANG_WARN_CONSTANT_CONVERSION = YES;
				CLANG_WARN_DIRECT_OBJC_ISA_USAGE = YES_ERROR;
				CLANG_WARN_DOCUMENTATION_COMMENTS = YES;
				CLANG_WARN_EMPTY_BODY = YES;
				CLANG_WARN_ENUM_CONVERSION = YES;
				CLANG_WARN_INFINITE_RECURSION = YES;
				CLANG_WARN_INT_CONVERSION = YES;
				CLANG_WARN_OBJC_ROOT_CLASS = YES_ERROR;
				CLANG_WARN_SUSPICIOUS_MOVES = YES;
				CLANG_WARN_UNREACHABLE_CODE = YES;
				CLANG_WARN__DUPLICATE_METHOD_MATCH = YES;
				"CODE_SIGN_IDENTITY[sdk=iphoneos*]" = "iPhone Developer";
				COPY_PHASE_STRIP = NO;
				DEBUG_INFORMATION_FORMAT = "dwarf-with-dsym";
				ENABLE_NS_ASSERTIONS = NO;
				ENABLE_STRICT_OBJC_MSGSEND = YES;
				GCC_C_LANGUAGE_STANDARD = gnu99;
				GCC_NO_COMMON_BLOCKS = YES;
				GCC_WARN_64_TO_32_BIT_CONVERSION = YES;
				GCC_WARN_ABOUT_RETURN_TYPE = YES_ERROR;
				GCC_WARN_UNDECLARED_SELECTOR = YES;
				GCC_WARN_UNINITIALIZED_AUTOS = YES_AGGRESSIVE;
				GCC_WARN_UNUSED_FUNCTION = YES;
				GCC_WARN_UNUSED_VARIABLE = YES;
				IPHONEOS_DEPLOYMENT_TARGET = 10.0;
				MTL_ENABLE_DEBUG_INFO = NO;
				SDKROOT = iphoneos;
				TARGETED_DEVICE_FAMILY = "1,2";
				VALIDATE_PRODUCT = YES;
			};
			name = Release;
		};
		E43CEAD61DAE337000FEBC2F /* Debug */ = {
			isa = XCBuildConfiguration;
			buildSettings = {
				ASSETCATALOG_COMPILER_APPICON_NAME = AppIcon;
				DEVELOPMENT_TEAM = GV7V6SW596;
				INFOPLIST_FILE = PushNotification/Info.plist;
				IPHONEOS_DEPLOYMENT_TARGET = 8.0;
				LD_RUNPATH_SEARCH_PATHS = "$(inherited) @executable_path/Frameworks";
				PRODUCT_BUNDLE_IDENTIFIER = com.tashaxing.PushNotification;
				PRODUCT_NAME = "$(TARGET_NAME)";
			};
			name = Debug;
		};
		E43CEAD71DAE337000FEBC2F /* Release */ = {
			isa = XCBuildConfiguration;
			buildSettings = {
				ASSETCATALOG_COMPILER_APPICON_NAME = AppIcon;
				DEVELOPMENT_TEAM = GV7V6SW596;
				INFOPLIST_FILE = PushNotification/Info.plist;
				IPHONEOS_DEPLOYMENT_TARGET = 8.0;
				LD_RUNPATH_SEARCH_PATHS = "$(inherited) @executable_path/Frameworks";
				PRODUCT_BUNDLE_IDENTIFIER = com.tashaxing.PushNotification;
				PRODUCT_NAME = "$(TARGET_NAME)";
			};
			name = Release;
		};
/* End XCBuildConfiguration section */

/* Begin XCConfigurationList section */
		E43CEAB91DAE337000FEBC2F /* Build configuration list for PBXProject "PushNotification" */ = {
			isa = XCConfigurationList;
			buildConfigurations = (
				E43CEAD31DAE337000FEBC2F /* Debug */,
				E43CEAD41DAE337000FEBC2F /* Release */,
			);
			defaultConfigurationIsVisible = 0;
			defaultConfigurationName = Release;
		};
		E43CEAD51DAE337000FEBC2F /* Build configuration list for PBXNativeTarget "PushNotification" */ = {
			isa = XCConfigurationList;
			buildConfigurations = (
				E43CEAD61DAE337000FEBC2F /* Debug */,
				E43CEAD71DAE337000FEBC2F /* Release */,
			);
			defaultConfigurationIsVisible = 0;
			defaultConfigurationName = Release;
		};
/* End XCConfigurationList section */
	};
	rootObject = E43CEAB61DAE337000FEBC2F /* Project object */;
}
